
Microsoft Visual Studio Solution File, Format Version 12.00
# Visual Studio Version 16
VisualStudioVersion = 16.0.30503.244
MinimumVisualStudioVersion = 10.0.40219.1
Project("{FAE04EC0-301F-11D3-BF4B-00C04F79EFBC}") = "SchoolGrade", "SchoolGrade.csproj", "{0C4AD01C-8FF2-4DA3-BE8D-C27084E627D1}"
EndProject
Global
	GlobalSection(SolutionConfigurationPlatforms) = preSolution
		Debug|Any CPU = Debug|Any CPU
		Release|Any CPU = Release|Any CPU
	EndGlobalSection
	GlobalSection(ProjectConfigurationPlatforms) = postSolution
		{0C4AD01C-8FF2-4DA3-BE8D-C27084E627D1}.Debug|Any CPU.ActiveCfg = Debug|Any CPU
		{0C4AD01C-8FF2-4DA3-BE8D-C27084E627D1}.Debug|Any CPU.Build.0 = Debug|Any CPU
		{0C4AD01C-8FF2-4DA3-BE8D-C27084E627D1}.Release|Any CPU.ActiveCfg = Release|Any CPU
		{0C4AD01C-8FF2-4DA3-BE8D-C27084E627D1}.Release|Any CPU.Build.0 = Release|Any CPU
	EndGlobalSection
	GlobalSection(SolutionProperties) = preSolution
		HideSolutionNode = FALSE
	EndGlobalSection
	GlobalSection(ExtensibilityGlobals) = postSolution
		SolutionGuid = {347C3AF4-514E-416C-AD49-CAB88D00C60F}
	EndGlobalSection
EndGlobal
